
Microsoft Visual Studio Solution File, Format Version 12.00
# Visual Studio Version 17
VisualStudioVersion = 17.0.31903.59
MinimumVisualStudioVersion = 10.0.40219.1
Project("{2150E333-8FDC-42A3-9474-1A3956D46DE8}") = "src", "src", "{827E0CD3-B72D-47B6-A68D-7590B98EB39B}"
EndProject
Project("{FAE04EC0-301F-11D3-BF4B-00C04F79EFBC}") = "Domain", "src\Domain\Domain.csproj", "{38B39811-37B4-4E98-AF1E-81806C693789}"
EndProject
Project("{FAE04EC0-301F-11D3-BF4B-00C04F79EFBC}") = "Application", "src\Application\Application.csproj", "{4C224EFF-21B6-4389-BBF7-A992ED0C5349}"
EndProject
Project("{FAE04EC0-301F-11D3-BF4B-00C04F79EFBC}") = "Infrastructure", "src\Infrastructure\Infrastructure.csproj", "{F1ACB7F3-AD83-4ADF-8F76-641829645278}"
EndProject
Project("{FAE04EC0-301F-11D3-BF4B-00C04F79EFBC}") = "API", "src\API\API.csproj", "{48D57FC9-FF6B-486C-8EF0-CD88B5A02CD7}"
EndProject
Project("{2150E333-8FDC-42A3-9474-1A3956D46DE8}") = "tests", "tests", "{0AB3BF05-4346-4AA6-1389-037BE0695223}"
EndProject
Project("{FAE04EC0-301F-11D3-BF4B-00C04F79EFBC}") = "Application.Tests", "tests\Application.Tests\Application.Tests.csproj", "{FB96E4FB-E5C9-4765-A4C1-68DA0F47DABE}"
EndProject
Project("{FAE04EC0-301F-11D3-BF4B-00C04F79EFBC}") = "Infrastructure.Tests", "tests\Infrastructure.Tests\Infrastructure.Tests.csproj", "{949BA961-F1CA-47FE-BAA0-5E2756CC4C7D}"
EndProject
Project("{FAE04EC0-301F-11D3-BF4B-00C04F79EFBC}") = "API.Tests", "tests\API.Tests\API.Tests.csproj", "{9EF58FF1-A93D-49E8-A949-719E2F4D5185}"
EndProject
Global
	GlobalSection(SolutionConfigurationPlatforms) = preSolution
		Debug|Any CPU = Debug|Any CPU
		Debug|x64 = Debug|x64
		Debug|x86 = Debug|x86
		Release|Any CPU = Release|Any CPU
		Release|x64 = Release|x64
		Release|x86 = Release|x86
	EndGlobalSection
	GlobalSection(ProjectConfigurationPlatforms) = postSolution
		{38B39811-37B4-4E98-AF1E-81806C693789}.Debug|Any CPU.ActiveCfg = Debug|Any CPU
		{38B39811-37B4-4E98-AF1E-81806C693789}.Debug|Any CPU.Build.0 = Debug|Any CPU
		{38B39811-37B4-4E98-AF1E-81806C693789}.Debug|x64.ActiveCfg = Debug|Any CPU
		{38B39811-37B4-4E98-AF1E-81806C693789}.Debug|x64.Build.0 = Debug|Any CPU
		{38B39811-37B4-4E98-AF1E-81806C693789}.Debug|x86.ActiveCfg = Debug|Any CPU
		{38B39811-37B4-4E98-AF1E-81806C693789}.Debug|x86.Build.0 = Debug|Any CPU
		{38B39811-37B4-4E98-AF1E-81806C693789}.Release|Any CPU.ActiveCfg = Release|Any CPU
		{38B39811-37B4-4E98-AF1E-81806C693789}.Release|Any CPU.Build.0 = Release|Any CPU
		{38B39811-37B4-4E98-AF1E-81806C693789}.Release|x64.ActiveCfg = Release|Any CPU
		{38B39811-37B4-4E98-AF1E-81806C693789}.Release|x64.Build.0 = Release|Any CPU
		{38B39811-37B4-4E98-AF1E-81806C693789}.Release|x86.ActiveCfg = Release|Any CPU
		{38B39811-37B4-4E98-AF1E-81806C693789}.Release|x86.Build.0 = Release|Any CPU
		{4C224EFF-21B6-4389-BBF7-A992ED0C5349}.Debug|Any CPU.ActiveCfg = Debug|Any CPU
		{4C224EFF-21B6-4389-BBF7-A992ED0C5349}.Debug|Any CPU.Build.0 = Debug|Any CPU
		{4C224EFF-21B6-4389-BBF7-A992ED0C5349}.Debug|x64.ActiveCfg = Debug|Any CPU
		{4C224EFF-21B6-4389-BBF7-A992ED0C5349}.Debug|x64.Build.0 = Debug|Any CPU
		{4C224EFF-21B6-4389-BBF7-A992ED0C5349}.Debug|x86.ActiveCfg = Debug|Any CPU
		{4C224EFF-21B6-4389-BBF7-A992ED0C5349}.Debug|x86.Build.0 = Debug|Any CPU
		{4C224EFF-21B6-4389-BBF7-A992ED0C5349}.Release|Any CPU.ActiveCfg = Release|Any CPU
		{4C224EFF-21B6-4389-BBF7-A992ED0C5349}.Release|Any CPU.Build.0 = Release|Any CPU
		{4C224EFF-21B6-4389-BBF7-A992ED0C5349}.Release|x64.ActiveCfg = Release|Any CPU
		{4C224EFF-21B6-4389-BBF7-A992ED0C5349}.Release|x64.Build.0 = Release|Any CPU
		{4C224EFF-21B6-4389-BBF7-A992ED0C5349}.Release|x86.ActiveCfg = Release|Any CPU
		{4C224EFF-21B6-4389-BBF7-A992ED0C5349}.Release|x86.Build.0 = Release|Any CPU
		{F1ACB7F3-AD83-4ADF-8F76-641829645278}.Debug|Any CPU.ActiveCfg = Debug|Any CPU
		{F1ACB7F3-AD83-4ADF-8F76-641829645278}.Debug|Any CPU.Build.0 = Debug|Any CPU
		{F1ACB7F3-AD83-4ADF-8F76-641829645278}.Debug|x64.ActiveCfg = Debug|Any CPU
		{F1ACB7F3-AD83-4ADF-8F76-641829645278}.Debug|x64.Build.0 = Debug|Any CPU
		{F1ACB7F3-AD83-4ADF-8F76-641829645278}.Debug|x86.ActiveCfg = Debug|Any CPU
		{F1ACB7F3-AD83-4ADF-8F76-641829645278}.Debug|x86.Build.0 = Debug|Any CPU
		{F1ACB7F3-AD83-4ADF-8F76-641829645278}.Release|Any CPU.ActiveCfg = Release|Any CPU
		{F1ACB7F3-AD83-4ADF-8F76-641829645278}.Release|Any CPU.Build.0 = Release|Any CPU
		{F1ACB7F3-AD83-4ADF-8F76-641829645278}.Release|x64.ActiveCfg = Release|Any CPU
		{F1ACB7F3-AD83-4ADF-8F76-641829645278}.Release|x64.Build.0 = Release|Any CPU
		{F1ACB7F3-AD83-4ADF-8F76-641829645278}.Release|x86.ActiveCfg = Release|Any CPU
		{F1ACB7F3-AD83-4ADF-8F76-641829645278}.Release|x86.Build.0 = Release|Any CPU
		{48D57FC9-FF6B-486C-8EF0-CD88B5A02CD7}.Debug|Any CPU.ActiveCfg = Debug|Any CPU
		{48D57FC9-FF6B-486C-8EF0-CD88B5A02CD7}.Debug|Any CPU.Build.0 = Debug|Any CPU
		{48D57FC9-FF6B-486C-8EF0-CD88B5A02CD7}.Debug|x64.ActiveCfg = Debug|Any CPU
		{48D57FC9-FF6B-486C-8EF0-CD88B5A02CD7}.Debug|x64.Build.0 = Debug|Any CPU
		{48D57FC9-FF6B-486C-8EF0-CD88B5A02CD7}.Debug|x86.ActiveCfg = Debug|Any CPU
		{48D57FC9-FF6B-486C-8EF0-CD88B5A02CD7}.Debug|x86.Build.0 = Debug|Any CPU
		{48D57FC9-FF6B-486C-8EF0-CD88B5A02CD7}.Release|Any CPU.ActiveCfg = Release|Any CPU
		{48D57FC9-FF6B-486C-8EF0-CD88B5A02CD7}.Release|Any CPU.Build.0 = Release|Any CPU
		{48D57FC9-FF6B-486C-8EF0-CD88B5A02CD7}.Release|x64.ActiveCfg = Release|Any CPU
		{48D57FC9-FF6B-486C-8EF0-CD88B5A02CD7}.Release|x64.Build.0 = Release|Any CPU
		{48D57FC9-FF6B-486C-8EF0-CD88B5A02CD7}.Release|x86.ActiveCfg = Release|Any CPU
		{48D57FC9-FF6B-486C-8EF0-CD88B5A02CD7}.Release|x86.Build.0 = Release|Any CPU
		{FB96E4FB-E5C9-4765-A4C1-68DA0F47DABE}.Debug|Any CPU.ActiveCfg = Debug|Any CPU
		{FB96E4FB-E5C9-4765-A4C1-68DA0F47DABE}.Debug|Any CPU.Build.0 = Debug|Any CPU
		{FB96E4FB-E5C9-4765-A4C1-68DA0F47DABE}.Debug|x64.ActiveCfg = Debug|Any CPU
		{FB96E4FB-E5C9-4765-A4C1-68DA0F47DABE}.Debug|x64.Build.0 = Debug|Any CPU
		{FB96E4FB-E5C9-4765-A4C1-68DA0F47DABE}.Debug|x86.ActiveCfg = Debug|Any CPU
		{FB96E4FB-E5C9-4765-A4C1-68DA0F47DABE}.Debug|x86.Build.0 = Debug|Any CPU
		{FB96E4FB-E5C9-4765-A4C1-68DA0F47DABE}.Release|Any CPU.ActiveCfg = Release|Any CPU
		{FB96E4FB-E5C9-4765-A4C1-68DA0F47DABE}.Release|Any CPU.Build.0 = Release|Any CPU
		{FB96E4FB-E5C9-4765-A4C1-68DA0F47DABE}.Release|x64.ActiveCfg = Release|Any CPU
		{FB96E4FB-E5C9-4765-A4C1-68DA0F47DABE}.Release|x64.Build.0 = Release|Any CPU
		{FB96E4FB-E5C9-4765-A4C1-68DA0F47DABE}.Release|x86.ActiveCfg = Release|Any CPU
		{FB96E4FB-E5C9-4765-A4C1-68DA0F47DABE}.Release|x86.Build.0 = Release|Any CPU
		{949BA961-F1CA-47FE-BAA0-5E2756CC4C7D}.Debug|Any CPU.ActiveCfg = Debug|Any CPU
		{949BA961-F1CA-47FE-BAA0-5E2756CC4C7D}.Debug|Any CPU.Build.0 = Debug|Any CPU
		{949BA961-F1CA-47FE-BAA0-5E2756CC4C7D}.Debug|x64.ActiveCfg = Debug|Any CPU
		{949BA961-F1CA-47FE-BAA0-5E2756CC4C7D}.Debug|x64.Build.0 = Debug|Any CPU
		{949BA961-F1CA-47FE-BAA0-5E2756CC4C7D}.Debug|x86.ActiveCfg = Debug|Any CPU
		{949BA961-F1CA-47FE-BAA0-5E2756CC4C7D}.Debug|x86.Build.0 = Debug|Any CPU
		{949BA961-F1CA-47FE-BAA0-5E2756CC4C7D}.Release|Any CPU.ActiveCfg = Release|Any CPU
		{949BA961-F1CA-47FE-BAA0-5E2756CC4C7D}.Release|Any CPU.Build.0 = Release|Any CPU
		{949BA961-F1CA-47FE-BAA0-5E2756CC4C7D}.Release|x64.ActiveCfg = Release|Any CPU
		{949BA961-F1CA-47FE-BAA0-5E2756CC4C7D}.Release|x64.Build.0 = Release|Any CPU
		{949BA961-F1CA-47FE-BAA0-5E2756CC4C7D}.Release|x86.ActiveCfg = Release|Any CPU
		{949BA961-F1CA-47FE-BAA0-5E2756CC4C7D}.Release|x86.Build.0 = Release|Any CPU
		{9EF58FF1-A93D-49E8-A949-719E2F4D5185}.Debug|Any CPU.ActiveCfg = Debug|Any CPU
		{9EF58FF1-A93D-49E8-A949-719E2F4D5185}.Debug|Any CPU.Build.0 = Debug|Any CPU
		{9EF58FF1-A93D-49E8-A949-719E2F4D5185}.Debug|x64.ActiveCfg = Debug|Any CPU
		{9EF58FF1-A93D-49E8-A949-719E2F4D5185}.Debug|x64.Build.0 = Debug|Any CPU
		{9EF58FF1-A93D-49E8-A949-719E2F4D5185}.Debug|x86.ActiveCfg = Debug|Any CPU
		{9EF58FF1-A93D-49E8-A949-719E2F4D5185}.Debug|x86.Build.0 = Debug|Any CPU
		{9EF58FF1-A93D-49E8-A949-719E2F4D5185}.Release|Any CPU.ActiveCfg = Release|Any CPU
		{9EF58FF1-A93D-49E8-A949-719E2F4D5185}.Release|Any CPU.Build.0 = Release|Any CPU
		{9EF58FF1-A93D-49E8-A949-719E2F4D5185}.Release|x64.ActiveCfg = Release|Any CPU
		{9EF58FF1-A93D-49E8-A949-719E2F4D5185}.Release|x64.Build.0 = Release|Any CPU
		{9EF58FF1-A93D-49E8-A949-719E2F4D5185}.Release|x86.ActiveCfg = Release|Any CPU
		{9EF58FF1-A93D-49E8-A949-719E2F4D5185}.Release|x86.Build.0 = Release|Any CPU
	EndGlobalSection
	GlobalSection(SolutionProperties) = preSolution
		HideSolutionNode = FALSE
	EndGlobalSection
	GlobalSection(NestedProjects) = preSolution
		{38B39811-37B4-4E98-AF1E-81806C693789} = {827E0CD3-B72D-47B6-A68D-7590B98EB39B}
		{4C224EFF-21B6-4389-BBF7-A992ED0C5349} = {827E0CD3-B72D-47B6-A68D-7590B98EB39B}
		{F1ACB7F3-AD83-4ADF-8F76-641829645278} = {827E0CD3-B72D-47B6-A68D-7590B98EB39B}
		{48D57FC9-FF6B-486C-8EF0-CD88B5A02CD7} = {827E0CD3-B72D-47B6-A68D-7590B98EB39B}
		{FB96E4FB-E5C9-4765-A4C1-68DA0F47DABE} = {0AB3BF05-4346-4AA6-1389-037BE0695223}
		{949BA961-F1CA-47FE-BAA0-5E2756CC4C7D} = {0AB3BF05-4346-4AA6-1389-037BE0695223}
		{9EF58FF1-A93D-49E8-A949-719E2F4D5185} = {0AB3BF05-4346-4AA6-1389-037BE0695223}
	EndGlobalSection
EndGlobal
